
Microsoft Visual Studio Solution File, Format Version 12.00
# Visual Studio Version 17
VisualStudioVersion = 17.8.34511.84
MinimumVisualStudioVersion = 10.0.40219.1
Project("{9A19103F-16F7-4668-BE54-9A1E7A4F7556}") = "DesafioFullStack", "DesafioFullStack\DesafioFullStack.csproj", "{641CB106-21B4-4822-9ED1-055DE5E9F929}"
EndProject
Project("{2150E333-8FDC-42A3-9474-1A3956D46DE8}") = "0 - View", "0 - View", "{6AD626FF-FDD1-4DE5-A8C8-443CCC404E5B}"
EndProject
Project("{2150E333-8FDC-42A3-9474-1A3956D46DE8}") = "1 - Application", "1 - Application", "{B617FF19-D98F-431F-9FE7-D177FD57B803}"
EndProject
Project("{2150E333-8FDC-42A3-9474-1A3956D46DE8}") = "3 - Businnes", "3 - Businnes", "{A3836B4E-E9BD-4024-BB9D-6CA54AC15B8B}"
EndProject
Project("{2150E333-8FDC-42A3-9474-1A3956D46DE8}") = "4 - Infra", "4 - Infra", "{1A0A060B-B40B-43A3-B68F-77BB2EA8EAB7}"
EndProject
Project("{2150E333-8FDC-42A3-9474-1A3956D46DE8}") = "2 - Domain", "2 - Domain", "{C6870EE9-5736-41E6-B753-7482506BF2F4}"
EndProject
Project("{9A19103F-16F7-4668-BE54-9A1E7A4F7556}") = "DesafioFullStack.Domain", "DesafioFullStack.Domain\DesafioFullStack.Domain.csproj", "{116B6118-BAD6-4220-BA8E-82626062184A}"
EndProject
Project("{9A19103F-16F7-4668-BE54-9A1E7A4F7556}") = "Data.NHibernate", "Data.NHibernate\Data.NHibernate.csproj", "{D49514B2-3D2C-42AD-AC6D-27E106C664E0}"
EndProject
Project("{FAE04EC0-301F-11D3-BF4B-00C04F79EFBC}") = "DesafioFullStack.Application", "DesafioFullStack.Application\DesafioFullStack.Application.csproj", "{C5E4042D-4B43-4DCC-89A5-D78897793DA2}"
EndProject
Project("{FAE04EC0-301F-11D3-BF4B-00C04F79EFBC}") = "DesafioFullStack.Business", "DesafioFullStack.Business\DesafioFullStack.Business.csproj", "{2999D39B-2B2D-4302-9CD8-F8C3B9DCE25E}"
EndProject
Global
	GlobalSection(SolutionConfigurationPlatforms) = preSolution
		Debug|Any CPU = Debug|Any CPU
		Release|Any CPU = Release|Any CPU
	EndGlobalSection
	GlobalSection(ProjectConfigurationPlatforms) = postSolution
		{641CB106-21B4-4822-9ED1-055DE5E9F929}.Debug|Any CPU.ActiveCfg = Debug|Any CPU
		{641CB106-21B4-4822-9ED1-055DE5E9F929}.Debug|Any CPU.Build.0 = Debug|Any CPU
		{641CB106-21B4-4822-9ED1-055DE5E9F929}.Release|Any CPU.ActiveCfg = Release|Any CPU
		{641CB106-21B4-4822-9ED1-055DE5E9F929}.Release|Any CPU.Build.0 = Release|Any CPU
		{116B6118-BAD6-4220-BA8E-82626062184A}.Debug|Any CPU.ActiveCfg = Debug|Any CPU
		{116B6118-BAD6-4220-BA8E-82626062184A}.Debug|Any CPU.Build.0 = Debug|Any CPU
		{116B6118-BAD6-4220-BA8E-82626062184A}.Release|Any CPU.ActiveCfg = Release|Any CPU
		{116B6118-BAD6-4220-BA8E-82626062184A}.Release|Any CPU.Build.0 = Release|Any CPU
		{D49514B2-3D2C-42AD-AC6D-27E106C664E0}.Debug|Any CPU.ActiveCfg = Debug|Any CPU
		{D49514B2-3D2C-42AD-AC6D-27E106C664E0}.Debug|Any CPU.Build.0 = Debug|Any CPU
		{D49514B2-3D2C-42AD-AC6D-27E106C664E0}.Release|Any CPU.ActiveCfg = Release|Any CPU
		{D49514B2-3D2C-42AD-AC6D-27E106C664E0}.Release|Any CPU.Build.0 = Release|Any CPU
		{C5E4042D-4B43-4DCC-89A5-D78897793DA2}.Debug|Any CPU.ActiveCfg = Debug|Any CPU
		{C5E4042D-4B43-4DCC-89A5-D78897793DA2}.Debug|Any CPU.Build.0 = Debug|Any CPU
		{C5E4042D-4B43-4DCC-89A5-D78897793DA2}.Release|Any CPU.ActiveCfg = Release|Any CPU
		{C5E4042D-4B43-4DCC-89A5-D78897793DA2}.Release|Any CPU.Build.0 = Release|Any CPU
		{2999D39B-2B2D-4302-9CD8-F8C3B9DCE25E}.Debug|Any CPU.ActiveCfg = Debug|Any CPU
		{2999D39B-2B2D-4302-9CD8-F8C3B9DCE25E}.Debug|Any CPU.Build.0 = Debug|Any CPU
		{2999D39B-2B2D-4302-9CD8-F8C3B9DCE25E}.Release|Any CPU.ActiveCfg = Release|Any CPU
		{2999D39B-2B2D-4302-9CD8-F8C3B9DCE25E}.Release|Any CPU.Build.0 = Release|Any CPU
	EndGlobalSection
	GlobalSection(SolutionProperties) = preSolution
		HideSolutionNode = FALSE
	EndGlobalSection
	GlobalSection(NestedProjects) = preSolution
		{641CB106-21B4-4822-9ED1-055DE5E9F929} = {6AD626FF-FDD1-4DE5-A8C8-443CCC404E5B}
		{116B6118-BAD6-4220-BA8E-82626062184A} = {C6870EE9-5736-41E6-B753-7482506BF2F4}
		{D49514B2-3D2C-42AD-AC6D-27E106C664E0} = {1A0A060B-B40B-43A3-B68F-77BB2EA8EAB7}
		{C5E4042D-4B43-4DCC-89A5-D78897793DA2} = {B617FF19-D98F-431F-9FE7-D177FD57B803}
		{2999D39B-2B2D-4302-9CD8-F8C3B9DCE25E} = {A3836B4E-E9BD-4024-BB9D-6CA54AC15B8B}
	EndGlobalSection
	GlobalSection(ExtensibilityGlobals) = postSolution
		SolutionGuid = {32DA1232-4D32-47AC-80DE-737D4D29623C}
	EndGlobalSection
EndGlobal
